{
  "name": "commitmonkey",
  "version": "0.1.15",
  "lockfileVersion": 3,
  "requires": true,
  "packages": {
    "": {
      "name": "commitmonkey",
      "version": "0.1.14",
      "license": "Apache-2.0",
      "dependencies": {
        "openai": "^5.11.0",
        "yaml": "^2.8.0"
      },
      "bin": {
        "commitmonkey": "lib/commitmonkey.js"
      }
    },
    "node_modules/openai": {
      "version": "5.11.0",
      "resolved": "https://registry.npmjs.org/openai/-/openai-5.11.0.tgz",
      "integrity": "sha512-+AuTc5pVjlnTuA9zvn8rA/k+1RluPIx9AD4eDcnutv6JNwHHZxIhkFy+tmMKCvmMFDQzfA/r1ujvPWB19DQkYg==",
      "bin": {
        "openai": "bin/cli"
      },
      "peerDependencies": {
        "ws": "^8.18.0",
        "zod": "^3.23.8"
      },
      "peerDependenciesMeta": {
        "ws": {
          "optional": true
        },
        "zod": {
          "optional": true
        }
      }
    },
    "node_modules/yaml": {
      "version": "2.8.0",
      "resolved": "https://registry.npmjs.org/yaml/-/yaml-2.8.0.tgz",
      "integrity": "sha512-4lLa/EcQCB0cJkyts+FpIRx5G/llPxfP6VQU5KByHEhLxY3IJCH0f0Hy1MHI8sClTvsIb8qwRJ6R/ZdlDJ/leQ==",
      "bin": {
        "yaml": "bin.mjs"
      },
      "engines": {
        "node": ">= 14.6"
      }
    }
  }
}
