{
  "name": "commitmonkey",
  "version": "0.1.11",
  "lockfileVersion": 3,
  "requires": true,
  "packages": {
    "": {
      "name": "commitmonkey",
      "version": "0.1.11",
      "license": "Apache-2.0",
      "dependencies": {
        "yaml": "^2.7.1"
      },
      "bin": {
        "commitmonkey": "lib/commitmonkey.js"
      }
    },
    "node_modules/yaml": {
      "version": "2.7.1",
      "resolved": "https://registry.npmjs.org/yaml/-/yaml-2.7.1.tgz",
      "integrity": "sha512-10ULxpnOCQXxJvBgxsn9ptjq6uviG/htZKk9veJGhlqn3w/DxQ631zFF+nlQXLwmImeS5amR2dl2U8sg6U9jsQ==",
      "license": "ISC",
      "bin": {
        "yaml": "bin.mjs"
      },
      "engines": {
        "node": ">= 14"
      }
    }
  }
}
